
Microsoft Visual Studio Solution File, Format Version 12.00
# Visual Studio 2013
VisualStudioVersion = 12.0.31101.0
MinimumVisualStudioVersion = 10.0.40219.1
Project("{FAE04EC0-301F-11D3-BF4B-00C04F79EFBC}") = "Tekla-HideMembersFromDrawing", "Tekla-HideMembersFromDrawing\Tekla-HideMembersFromDrawing.csproj", "{B93CF835-0C15-43A1-97DF-5C818A5221DE}"
EndProject
Global
	GlobalSection(TeamFoundationVersionControl) = preSolution
		SccNumberOfProjects = 2
		SccEnterpriseProvider = {4CA58AB2-18FA-4F8D-95D4-32DDF27D184C}
		SccTeamFoundationServer = https://bk2015.visualstudio.com/defaultcollection
		SccLocalPath0 = .
		SccProjectUniqueName1 = Tekla-HideMembersFromDrawing\\Tekla-HideMembersFromDrawing.csproj
		SccProjectName1 = Tekla-HideMembersFromDrawing
		SccLocalPath1 = Tekla-HideMembersFromDrawing
	EndGlobalSection
	GlobalSection(SolutionConfigurationPlatforms) = preSolution
		Debug|Any CPU = Debug|Any CPU
		Release|Any CPU = Release|Any CPU
	EndGlobalSection
	GlobalSection(ProjectConfigurationPlatforms) = postSolution
		{B93CF835-0C15-43A1-97DF-5C818A5221DE}.Debug|Any CPU.ActiveCfg = Debug|Any CPU
		{B93CF835-0C15-43A1-97DF-5C818A5221DE}.Debug|Any CPU.Build.0 = Debug|Any CPU
		{B93CF835-0C15-43A1-97DF-5C818A5221DE}.Release|Any CPU.ActiveCfg = Release|Any CPU
		{B93CF835-0C15-43A1-97DF-5C818A5221DE}.Release|Any CPU.Build.0 = Release|Any CPU
	EndGlobalSection
	GlobalSection(SolutionProperties) = preSolution
		HideSolutionNode = FALSE
	EndGlobalSection
EndGlobal
